{
  "name": "node-red-contrib-alice",
  "version": "0.3.7",
  "lockfileVersion": 1,
  "requires": true,
  "dependencies": {
    "@firebase/analytics": {
      "version": "0.3.5",
      "resolved": "https://registry.npmjs.org/@firebase/analytics/-/analytics-0.3.5.tgz",
      "integrity": "sha512-p+h1s9A8EjGWfjAObu8ei46JoN2Ogbtl1RzqW7HjcPuclOIOmPTXKEXXCEXgO79OLxnzzezVeBtHPSx6r6gxJA==",
      "requires": {
        "@firebase/analytics-types": "0.3.1",
        "@firebase/component": "0.1.12",
        "@firebase/installations": "0.4.10",
        "@firebase/logger": "0.2.4",
        "@firebase/util": "0.2.47",
        "tslib": "1.11.1"
      }
    },
    "@firebase/analytics-types": {
      "version": "0.3.1",
      "resolved": "https://registry.npmjs.org/@firebase/analytics-types/-/analytics-types-0.3.1.tgz",
      "integrity": "sha512-63vVJ5NIBh/JF8l9LuPrQYSzFimk7zYHySQB4Dk9rVdJ8kV/vGQoVTvRu1UW05sEc2Ug5PqtEChtTHU+9hvPcA=="
    },
    "@firebase/app": {
      "version": "0.6.4",
      "resolved": "https://registry.npmjs.org/@firebase/app/-/app-0.6.4.tgz",
      "integrity": "sha512-E1Zw6yeZYdYYFurMnklKPvE+q/xleHXs7bmcVgyhgAEg3Gv6/qXI4+4GdWh+iF7wmQ3Liesh51xqfdpvHBwAMQ==",
      "requires": {
        "@firebase/app-types": "0.6.1",
        "@firebase/component": "0.1.12",
        "@firebase/logger": "0.2.4",
        "@firebase/util": "0.2.47",
        "dom-storage": "2.1.0",
        "tslib": "1.11.1",
        "xmlhttprequest": "1.8.0"
      }
    },
    "@firebase/app-types": {
      "version": "0.6.1",
      "resolved": "https://registry.npmjs.org/@firebase/app-types/-/app-types-0.6.1.tgz",
      "integrity": "sha512-L/ZnJRAq7F++utfuoTKX4CLBG5YR7tFO3PLzG1/oXXKEezJ0kRL3CMRoueBEmTCzVb/6SIs2Qlaw++uDgi5Xyg=="
    },
    "@firebase/auth": {
      "version": "0.14.6",
      "resolved": "https://registry.npmjs.org/@firebase/auth/-/auth-0.14.6.tgz",
      "integrity": "sha512-7gaEUWhUubWBGfOXAZvpTpJqBJT9KyG83RXC6VnjSQIfNUaarHZ485WkzERil43A6KvIl+f4kHxfZShE6ZCK3A==",
      "requires": {
        "@firebase/auth-types": "0.10.1"
      }
    },
    "@firebase/auth-interop-types": {
      "version": "0.1.5",
      "resolved": "https://registry.npmjs.org/@firebase/auth-interop-types/-/auth-interop-types-0.1.5.tgz",
      "integrity": "sha512-88h74TMQ6wXChPA6h9Q3E1Jg6TkTHep2+k63OWg3s0ozyGVMeY+TTOti7PFPzq5RhszQPQOoCi59es4MaRvgCw=="
    },
    "@firebase/auth-types": {
      "version": "0.10.1",
      "resolved": "https://registry.npmjs.org/@firebase/auth-types/-/auth-types-0.10.1.tgz",
      "integrity": "sha512-/+gBHb1O9x/YlG7inXfxff/6X3BPZt4zgBv4kql6HEmdzNQCodIRlEYnI+/da+lN+dha7PjaFH7C7ewMmfV7rw=="
    },
    "@firebase/component": {
      "version": "0.1.12",
      "resolved": "https://registry.npmjs.org/@firebase/component/-/component-0.1.12.tgz",
      "integrity": "sha512-03w800MxR/EW1m7N0Q46WNcngwdDIHDWpFPHTdbZEI6U/HuLks5RJQlBxWqb1P73nYPkN8YP3U8gTdqrDpqY3Q==",
      "requires": {
        "@firebase/util": "0.2.47",
        "tslib": "1.11.1"
      }
    },
    "@firebase/database": {
      "version": "0.6.3",
      "resolved": "https://registry.npmjs.org/@firebase/database/-/database-0.6.3.tgz",
      "integrity": "sha512-gHoCISHQVLoq+rGu+PorYxMkhsjhXov3ocBxz/0uVdznNhrbKkAZaEKF+dIAsUPDlwSYeZuwWuik7xcV3DtRaw==",
      "requires": {
        "@firebase/auth-interop-types": "0.1.5",
        "@firebase/component": "0.1.12",
        "@firebase/database-types": "0.5.1",
        "@firebase/logger": "0.2.4",
        "@firebase/util": "0.2.47",
        "faye-websocket": "0.11.3",
        "tslib": "1.11.1"
      }
    },
    "@firebase/database-types": {
      "version": "0.5.1",
      "resolved": "https://registry.npmjs.org/@firebase/database-types/-/database-types-0.5.1.tgz",
      "integrity": "sha512-onQxom1ZBYBJ648w/VNRzUewovEDAH7lvnrrpCd69ukkyrMk6rGEO/PQ9BcNEbhlNtukpsqRS0oNOFlHs0FaSA==",
      "requires": {
        "@firebase/app-types": "0.6.1"
      }
    },
    "@firebase/firestore": {
      "version": "1.14.6",
      "resolved": "https://registry.npmjs.org/@firebase/firestore/-/firestore-1.14.6.tgz",
      "integrity": "sha512-9TfM4BFQAhyn+gmayX80wZEAO27bUBy471pba/oAYM9UrvPp1US9Bn/QzeuA/hxBSZXcN5zWNcs1Ibyt8eAreg==",
      "requires": {
        "@firebase/component": "0.1.12",
        "@firebase/firestore-types": "1.10.3",
        "@firebase/logger": "0.2.4",
        "@firebase/util": "0.2.47",
        "@firebase/webchannel-wrapper": "0.2.41",
        "@grpc/grpc-js": "0.8.1",
        "@grpc/proto-loader": "^0.5.0",
        "tslib": "1.11.1"
      }
    },
    "@firebase/firestore-types": {
      "version": "1.10.3",
      "resolved": "https://registry.npmjs.org/@firebase/firestore-types/-/firestore-types-1.10.3.tgz",
      "integrity": "sha512-DcYTJbva/gYK3i9q1Jw4tUkuSGQY5tXizSU/yytJgsRZNQrLEbrbHza9n6MAxcBbMSgcWZ24XzCGELtlKgMbSw=="
    },
    "@firebase/functions": {
      "version": "0.4.44",
      "resolved": "https://registry.npmjs.org/@firebase/functions/-/functions-0.4.44.tgz",
      "integrity": "sha512-Nbw+V/jYqfgq7wscsSDidqIzx8TrnmA2wRD1auCFNmf+gSJg8o+gNyCDdNHZI407jvrZcxp3nG1eMbqwmmnp7Q==",
      "requires": {
        "@firebase/component": "0.1.12",
        "@firebase/functions-types": "0.3.17",
        "@firebase/messaging-types": "0.4.5",
        "isomorphic-fetch": "2.2.1",
        "tslib": "1.11.1"
      }
    },
    "@firebase/functions-types": {
      "version": "0.3.17",
      "resolved": "https://registry.npmjs.org/@firebase/functions-types/-/functions-types-0.3.17.tgz",
      "integrity": "sha512-DGR4i3VI55KnYk4IxrIw7+VG7Q3gA65azHnZxo98Il8IvYLr2UTBlSh72dTLlDf25NW51HqvJgYJDKvSaAeyHQ=="
    },
    "@firebase/installations": {
      "version": "0.4.10",
      "resolved": "https://registry.npmjs.org/@firebase/installations/-/installations-0.4.10.tgz",
      "integrity": "sha512-Nf7VK9++0eQzjdvBkBNNaOdxPjFiKD0EllLCIQycHozF97BmuFUqb2Ik5L2JaWspWg7vxLNacLHvW48nPGx4Zw==",
      "requires": {
        "@firebase/component": "0.1.12",
        "@firebase/installations-types": "0.3.4",
        "@firebase/util": "0.2.47",
        "idb": "3.0.2",
        "tslib": "1.11.1"
      }
    },
    "@firebase/installations-types": {
      "version": "0.3.4",
      "resolved": "https://registry.npmjs.org/@firebase/installations-types/-/installations-types-0.3.4.tgz",
      "integrity": "sha512-RfePJFovmdIXb6rYwtngyxuEcWnOrzdZd9m7xAW0gRxDIjBT20n3BOhjpmgRWXo/DAxRmS7bRjWAyTHY9cqN7Q=="
    },
    "@firebase/logger": {
      "version": "0.2.4",
      "resolved": "https://registry.npmjs.org/@firebase/logger/-/logger-0.2.4.tgz",
      "integrity": "sha512-akHkOU7izYB1okp/B5sxClGjjw6KvZdSHyjNM5pKd67Zg5W6PsbkI/GFNv21+y6LkUkJwDRbdeDgJoYXWT3mMA=="
    },
    "@firebase/messaging": {
      "version": "0.6.16",
      "resolved": "https://registry.npmjs.org/@firebase/messaging/-/messaging-0.6.16.tgz",
      "integrity": "sha512-TAPISK5y3xbxUw81HxLDP6YPsRryU6Nl8Z7AjNnem13BoN9LJ2/wCi9RDMfPnQhAn0h0N+mpxy/GB+0IlEARlg==",
      "requires": {
        "@firebase/component": "0.1.12",
        "@firebase/installations": "0.4.10",
        "@firebase/messaging-types": "0.4.5",
        "@firebase/util": "0.2.47",
        "idb": "3.0.2",
        "tslib": "1.11.1"
      }
    },
    "@firebase/messaging-types": {
      "version": "0.4.5",
      "resolved": "https://registry.npmjs.org/@firebase/messaging-types/-/messaging-types-0.4.5.tgz",
      "integrity": "sha512-sux4fgqr/0KyIxqzHlatI04Ajs5rc3WM+WmtCpxrKP1E5Bke8xu/0M+2oy4lK/sQ7nov9z15n3iltAHCgTRU3Q=="
    },
    "@firebase/performance": {
      "version": "0.3.5",
      "resolved": "https://registry.npmjs.org/@firebase/performance/-/performance-0.3.5.tgz",
      "integrity": "sha512-FCUxK3IsJuthSosXzCA/B3Lz0o51QLjS1PuHFSxW4zwnMN2p5LrJBof47D2qB/ZYLey8xR4u2IGHOjvSDyKA9w==",
      "requires": {
        "@firebase/component": "0.1.12",
        "@firebase/installations": "0.4.10",
        "@firebase/logger": "0.2.4",
        "@firebase/performance-types": "0.0.13",
        "@firebase/util": "0.2.47",
        "tslib": "1.11.1"
      }
    },
    "@firebase/performance-types": {
      "version": "0.0.13",
      "resolved": "https://registry.npmjs.org/@firebase/performance-types/-/performance-types-0.0.13.tgz",
      "integrity": "sha512-6fZfIGjQpwo9S5OzMpPyqgYAUZcFzZxHFqOyNtorDIgNXq33nlldTL/vtaUZA8iT9TT5cJlCrF/jthKU7X21EA=="
    },
    "@firebase/polyfill": {
      "version": "0.3.36",
      "resolved": "https://registry.npmjs.org/@firebase/polyfill/-/polyfill-0.3.36.tgz",
      "integrity": "sha512-zMM9oSJgY6cT2jx3Ce9LYqb0eIpDE52meIzd/oe/y70F+v9u1LDqk5kUF5mf16zovGBWMNFmgzlsh6Wj0OsFtg==",
      "requires": {
        "core-js": "3.6.5",
        "promise-polyfill": "8.1.3",
        "whatwg-fetch": "2.0.4"
      },
      "dependencies": {
        "whatwg-fetch": {
          "version": "2.0.4",
          "resolved": "https://registry.npmjs.org/whatwg-fetch/-/whatwg-fetch-2.0.4.tgz",
          "integrity": "sha512-dcQ1GWpOD/eEQ97k66aiEVpNnapVj90/+R+SXTPYGHpYBBypfKJEQjLrvMZ7YXbKm21gXd4NcuxUTjiv1YtLng=="
        }
      }
    },
    "@firebase/remote-config": {
      "version": "0.1.21",
      "resolved": "https://registry.npmjs.org/@firebase/remote-config/-/remote-config-0.1.21.tgz",
      "integrity": "sha512-EwDNU1mT+8Jn66IUwwNP5SM8AbaI7wmCXjp7djZtTXNrpPoh3xqzSRM1vTgp4Uu/mHffEDfbydsoJAIftADIfQ==",
      "requires": {
        "@firebase/component": "0.1.12",
        "@firebase/installations": "0.4.10",
        "@firebase/logger": "0.2.4",
        "@firebase/remote-config-types": "0.1.9",
        "@firebase/util": "0.2.47",
        "tslib": "1.11.1"
      }
    },
    "@firebase/remote-config-types": {
      "version": "0.1.9",
      "resolved": "https://registry.npmjs.org/@firebase/remote-config-types/-/remote-config-types-0.1.9.tgz",
      "integrity": "sha512-G96qnF3RYGbZsTRut7NBX0sxyczxt1uyCgXQuH/eAfUCngxjEGcZQnBdy6mvSdqdJh5mC31rWPO4v9/s7HwtzA=="
    },
    "@firebase/storage": {
      "version": "0.3.34",
      "resolved": "https://registry.npmjs.org/@firebase/storage/-/storage-0.3.34.tgz",
      "integrity": "sha512-vuR1PpGdaCk25D2dT2trfmZZjpdfOn0rPTksvoqg7TAPLeoVsVoDyT2LgF3Arna/jqx52sAIRx1HLrlvzE1pgA==",
      "requires": {
        "@firebase/component": "0.1.12",
        "@firebase/storage-types": "0.3.12",
        "@firebase/util": "0.2.47",
        "tslib": "1.11.1"
      }
    },
    "@firebase/storage-types": {
      "version": "0.3.12",
      "resolved": "https://registry.npmjs.org/@firebase/storage-types/-/storage-types-0.3.12.tgz",
      "integrity": "sha512-DDV6Fs6aYoGw3w/zZZTkqiipxihnsvHf6znbeZYjIIHit3tr1uLJdGPDPiCTfZcTGPpg2ux6ZmvNDvVgJdHALw=="
    },
    "@firebase/util": {
      "version": "0.2.47",
      "resolved": "https://registry.npmjs.org/@firebase/util/-/util-0.2.47.tgz",
      "integrity": "sha512-RjcIvcfswyxYhf0OMXod+qeI/933wl9FGLIszf0/O1yMZ/s8moXcse7xnOpMjmQPRLB9vHzCMoxW5X90kKg/bQ==",
      "requires": {
        "tslib": "1.11.1"
      }
    },
    "@firebase/webchannel-wrapper": {
      "version": "0.2.41",
      "resolved": "https://registry.npmjs.org/@firebase/webchannel-wrapper/-/webchannel-wrapper-0.2.41.tgz",
      "integrity": "sha512-XcdMT5PSZHiuf7LJIhzKIe+RyYa25S3LHRRvLnZc6iFjwXkrSDJ8J/HWO6VT8d2ZTbawp3VcLEjRF/VN8glCrA=="
    },
    "@grpc/grpc-js": {
      "version": "0.8.1",
      "resolved": "https://registry.npmjs.org/@grpc/grpc-js/-/grpc-js-0.8.1.tgz",
      "integrity": "sha512-e8gSjRZnOUefsR3obOgxG9RtYW2Mw83hh7ogE2ByCdgRhoX0mdnJwBcZOami3E0l643KCTZvORFwfSEi48KFIQ==",
      "requires": {
        "semver": "^6.2.0"
      }
    },
    "@grpc/proto-loader": {
      "version": "0.5.4",
      "resolved": "https://registry.npmjs.org/@grpc/proto-loader/-/proto-loader-0.5.4.tgz",
      "integrity": "sha512-HTM4QpI9B2XFkPz7pjwMyMgZchJ93TVkL3kWPW8GDMDKYxsMnmf4w2TNMJK7+KNiYHS5cJrCEAFlF+AwtXWVPA==",
      "requires": {
        "lodash.camelcase": "^4.3.0",
        "protobufjs": "^6.8.6"
      }
    },
    "@protobufjs/aspromise": {
      "version": "1.1.2",
      "resolved": "https://registry.npmjs.org/@protobufjs/aspromise/-/aspromise-1.1.2.tgz",
      "integrity": "sha1-m4sMxmPWaafY9vXQiToU00jzD78="
    },
    "@protobufjs/base64": {
      "version": "1.1.2",
      "resolved": "https://registry.npmjs.org/@protobufjs/base64/-/base64-1.1.2.tgz",
      "integrity": "sha512-AZkcAA5vnN/v4PDqKyMR5lx7hZttPDgClv83E//FMNhR2TMcLUhfRUBHCmSl0oi9zMgDDqRUJkSxO3wm85+XLg=="
    },
    "@protobufjs/codegen": {
      "version": "2.0.4",
      "resolved": "https://registry.npmjs.org/@protobufjs/codegen/-/codegen-2.0.4.tgz",
      "integrity": "sha512-YyFaikqM5sH0ziFZCN3xDC7zeGaB/d0IUb9CATugHWbd1FRFwWwt4ld4OYMPWu5a3Xe01mGAULCdqhMlPl29Jg=="
    },
    "@protobufjs/eventemitter": {
      "version": "1.1.0",
      "resolved": "https://registry.npmjs.org/@protobufjs/eventemitter/-/eventemitter-1.1.0.tgz",
      "integrity": "sha1-NVy8mLr61ZePntCV85diHx0Ga3A="
    },
    "@protobufjs/fetch": {
      "version": "1.1.0",
      "resolved": "https://registry.npmjs.org/@protobufjs/fetch/-/fetch-1.1.0.tgz",
      "integrity": "sha1-upn7WYYUr2VwDBYZ/wbUVLDYTEU=",
      "requires": {
        "@protobufjs/aspromise": "^1.1.1",
        "@protobufjs/inquire": "^1.1.0"
      }
    },
    "@protobufjs/float": {
      "version": "1.0.2",
      "resolved": "https://registry.npmjs.org/@protobufjs/float/-/float-1.0.2.tgz",
      "integrity": "sha1-Xp4avctz/Ap8uLKR33jIy9l7h9E="
    },
    "@protobufjs/inquire": {
      "version": "1.1.0",
      "resolved": "https://registry.npmjs.org/@protobufjs/inquire/-/inquire-1.1.0.tgz",
      "integrity": "sha1-/yAOPnzyQp4tyvwRQIKOjMY48Ik="
    },
    "@protobufjs/path": {
      "version": "1.1.2",
      "resolved": "https://registry.npmjs.org/@protobufjs/path/-/path-1.1.2.tgz",
      "integrity": "sha1-bMKyDFya1q0NzP0hynZz2Nf79o0="
    },
    "@protobufjs/pool": {
      "version": "1.1.0",
      "resolved": "https://registry.npmjs.org/@protobufjs/pool/-/pool-1.1.0.tgz",
      "integrity": "sha1-Cf0V8tbTq/qbZbw2ZQbWrXhG/1Q="
    },
    "@protobufjs/utf8": {
      "version": "1.1.0",
      "resolved": "https://registry.npmjs.org/@protobufjs/utf8/-/utf8-1.1.0.tgz",
      "integrity": "sha1-p3c2C1s5oaLlEG+OhY8v0tBgxXA="
    },
    "@types/long": {
      "version": "4.0.1",
      "resolved": "https://registry.npmjs.org/@types/long/-/long-4.0.1.tgz",
      "integrity": "sha512-5tXH6Bx/kNGd3MgffdmP4dy2Z+G4eaXw0SE81Tq3BNadtnMR5/ySMzX4SLEzHJzSmPNn4HIdpQsBvXMUykr58w=="
    },
    "@types/node": {
      "version": "13.13.9",
      "resolved": "https://registry.npmjs.org/@types/node/-/node-13.13.9.tgz",
      "integrity": "sha512-EPZBIGed5gNnfWCiwEIwTE2Jdg4813odnG8iNPMQGrqVxrI+wL68SPtPeCX+ZxGBaA6pKAVc6jaKgP/Q0QzfdQ=="
    },
    "core-js": {
      "version": "3.6.5",
      "resolved": "https://registry.npmjs.org/core-js/-/core-js-3.6.5.tgz",
      "integrity": "sha512-vZVEEwZoIsI+vPEuoF9Iqf5H7/M3eeQqWlQnYa8FSKKePuYTf5MWnxb5SDAzCa60b3JBRS5g9b+Dq7b1y/RCrA=="
    },
    "dom-storage": {
      "version": "2.1.0",
      "resolved": "https://registry.npmjs.org/dom-storage/-/dom-storage-2.1.0.tgz",
      "integrity": "sha512-g6RpyWXzl0RR6OTElHKBl7nwnK87GUyZMYC7JWsB/IA73vpqK2K6LT39x4VepLxlSsWBFrPVLnsSR5Jyty0+2Q=="
    },
    "encoding": {
      "version": "0.1.12",
      "resolved": "https://registry.npmjs.org/encoding/-/encoding-0.1.12.tgz",
      "integrity": "sha1-U4tm8+5izRq1HsMjgp0flIDHS+s=",
      "requires": {
        "iconv-lite": "~0.4.13"
      }
    },
    "faye-websocket": {
      "version": "0.11.3",
      "resolved": "https://registry.npmjs.org/faye-websocket/-/faye-websocket-0.11.3.tgz",
      "integrity": "sha512-D2y4bovYpzziGgbHYtGCMjlJM36vAl/y+xUyn1C+FVx8szd1E+86KwVw6XvYSzOP8iMpm1X0I4xJD+QtUb36OA==",
      "requires": {
        "websocket-driver": ">=0.5.1"
      }
    },
    "firebase": {
      "version": "7.14.6",
      "resolved": "https://registry.npmjs.org/firebase/-/firebase-7.14.6.tgz",
      "integrity": "sha512-W7nN57T+slfSYtUoCD7Jup/P+V8velhjbtJUlO4+gYXCG0TT83ah3B+89LlVwOrL3tVAl68GdA892vdXVsY6zQ==",
      "requires": {
        "@firebase/analytics": "0.3.5",
        "@firebase/app": "0.6.4",
        "@firebase/app-types": "0.6.1",
        "@firebase/auth": "0.14.6",
        "@firebase/database": "0.6.3",
        "@firebase/firestore": "1.14.6",
        "@firebase/functions": "0.4.44",
        "@firebase/installations": "0.4.10",
        "@firebase/messaging": "0.6.16",
        "@firebase/performance": "0.3.5",
        "@firebase/polyfill": "0.3.36",
        "@firebase/remote-config": "0.1.21",
        "@firebase/storage": "0.3.34",
        "@firebase/util": "0.2.47"
      }
    },
    "http-parser-js": {
      "version": "0.5.2",
      "resolved": "https://registry.npmjs.org/http-parser-js/-/http-parser-js-0.5.2.tgz",
      "integrity": "sha512-opCO9ASqg5Wy2FNo7A0sxy71yGbbkJJXLdgMK04Tcypw9jr2MgWbyubb0+WdmDmGnFflO7fRbqbaihh/ENDlRQ=="
    },
    "iconv-lite": {
      "version": "0.4.24",
      "resolved": "https://registry.npmjs.org/iconv-lite/-/iconv-lite-0.4.24.tgz",
      "integrity": "sha512-v3MXnZAcvnywkTUEZomIActle7RXXeedOR31wwl7VlyoXO4Qi9arvSenNQWne1TcRwhCL1HwLI21bEqdpj8/rA==",
      "requires": {
        "safer-buffer": ">= 2.1.2 < 3"
      }
    },
    "idb": {
      "version": "3.0.2",
      "resolved": "https://registry.npmjs.org/idb/-/idb-3.0.2.tgz",
      "integrity": "sha512-+FLa/0sTXqyux0o6C+i2lOR0VoS60LU/jzUo5xjfY6+7sEEgy4Gz1O7yFBXvjd7N0NyIGWIRg8DcQSLEG+VSPw=="
    },
    "is-stream": {
      "version": "1.1.0",
      "resolved": "https://registry.npmjs.org/is-stream/-/is-stream-1.1.0.tgz",
      "integrity": "sha1-EtSj3U5o4Lec6428hBc66A2RykQ="
    },
    "isomorphic-fetch": {
      "version": "2.2.1",
      "resolved": "https://registry.npmjs.org/isomorphic-fetch/-/isomorphic-fetch-2.2.1.tgz",
      "integrity": "sha1-YRrhrPFPXoH3KVB0coGf6XM1WKk=",
      "requires": {
        "node-fetch": "^1.0.1",
        "whatwg-fetch": ">=0.10.0"
      }
    },
    "lodash.camelcase": {
      "version": "4.3.0",
      "resolved": "https://registry.npmjs.org/lodash.camelcase/-/lodash.camelcase-4.3.0.tgz",
      "integrity": "sha1-soqmKIorn8ZRA1x3EfZathkDMaY="
    },
    "long": {
      "version": "4.0.0",
      "resolved": "https://registry.npmjs.org/long/-/long-4.0.0.tgz",
      "integrity": "sha512-XsP+KhQif4bjX1kbuSiySJFNAehNxgLb6hPRGJ9QsUr8ajHkuXGdrHmFUTUUXhDwVX2R5bY4JNZEwbUiMhV+MA=="
    },
    "node-fetch": {
      "version": "1.7.3",
      "resolved": "https://registry.npmjs.org/node-fetch/-/node-fetch-1.7.3.tgz",
      "integrity": "sha512-NhZ4CsKx7cYm2vSrBAr2PvFOe6sWDf0UYLRqA6svUYg7+/TSfVAu49jYC4BvQ4Sms9SZgdqGBgroqfDhJdTyKQ==",
      "requires": {
        "encoding": "^0.1.11",
        "is-stream": "^1.0.1"
      }
    },
    "promise-polyfill": {
      "version": "8.1.3",
      "resolved": "https://registry.npmjs.org/promise-polyfill/-/promise-polyfill-8.1.3.tgz",
      "integrity": "sha512-MG5r82wBzh7pSKDRa9y+vllNHz3e3d4CNj1PQE4BQYxLme0gKYYBm9YENq+UkEikyZ0XbiGWxYlVw3Rl9O/U8g=="
    },
    "protobufjs": {
      "version": "6.9.0",
      "resolved": "https://registry.npmjs.org/protobufjs/-/protobufjs-6.9.0.tgz",
      "integrity": "sha512-LlGVfEWDXoI/STstRDdZZKb/qusoAWUnmLg9R8OLSO473mBLWHowx8clbX5/+mKDEI+v7GzjoK9tRPZMMcoTrg==",
      "requires": {
        "@protobufjs/aspromise": "^1.1.2",
        "@protobufjs/base64": "^1.1.2",
        "@protobufjs/codegen": "^2.0.4",
        "@protobufjs/eventemitter": "^1.1.0",
        "@protobufjs/fetch": "^1.1.0",
        "@protobufjs/float": "^1.0.2",
        "@protobufjs/inquire": "^1.1.0",
        "@protobufjs/path": "^1.1.2",
        "@protobufjs/pool": "^1.1.0",
        "@protobufjs/utf8": "^1.1.0",
        "@types/long": "^4.0.1",
        "@types/node": "^13.7.0",
        "long": "^4.0.0"
      }
    },
    "safe-buffer": {
      "version": "5.2.1",
      "resolved": "https://registry.npmjs.org/safe-buffer/-/safe-buffer-5.2.1.tgz",
      "integrity": "sha512-rp3So07KcdmmKbGvgaNxQSJr7bGVSVk5S9Eq1F+ppbRo70+YeaDxkw5Dd8NPN+GD6bjnYm2VuPuCXmpuYvmCXQ=="
    },
    "safer-buffer": {
      "version": "2.1.2",
      "resolved": "https://registry.npmjs.org/safer-buffer/-/safer-buffer-2.1.2.tgz",
      "integrity": "sha512-YZo3K82SD7Riyi0E1EQPojLz7kpepnSQI9IyPbHHg1XXXevb5dJI7tpyN2ADxGcQbHG7vcyRHk0cbwqcQriUtg=="
    },
    "semver": {
      "version": "6.3.0",
      "resolved": "https://registry.npmjs.org/semver/-/semver-6.3.0.tgz",
      "integrity": "sha512-b39TBaTSfV6yBrapU89p5fKekE2m/NwnDocOVruQFS1/veMgdzuPcnOM34M6CwxW8jH/lxEa5rBoDeUwu5HHTw=="
    },
    "tslib": {
      "version": "1.11.1",
      "resolved": "https://registry.npmjs.org/tslib/-/tslib-1.11.1.tgz",
      "integrity": "sha512-aZW88SY8kQbU7gpV19lN24LtXh/yD4ZZg6qieAJDDg+YBsJcSmLGK9QpnUjAKVG/xefmvJGd1WUmfpT/g6AJGA=="
    },
    "websocket-driver": {
      "version": "0.7.4",
      "resolved": "https://registry.npmjs.org/websocket-driver/-/websocket-driver-0.7.4.tgz",
      "integrity": "sha512-b17KeDIQVjvb0ssuSDF2cYXSg2iztliJ4B9WdsuB6J952qCPKmnVq4DyW5motImXHDC1cBT/1UezrJVsKw5zjg==",
      "requires": {
        "http-parser-js": ">=0.5.1",
        "safe-buffer": ">=5.1.0",
        "websocket-extensions": ">=0.1.1"
      }
    },
    "websocket-extensions": {
      "version": "0.1.3",
      "resolved": "https://registry.npmjs.org/websocket-extensions/-/websocket-extensions-0.1.3.tgz",
      "integrity": "sha512-nqHUnMXmBzT0w570r2JpJxfiSD1IzoI+HGVdd3aZ0yNi3ngvQ4jv1dtHt5VGxfI2yj5yqImPhOK4vmIh2xMbGg=="
    },
    "whatwg-fetch": {
      "version": "3.0.0",
      "resolved": "https://registry.npmjs.org/whatwg-fetch/-/whatwg-fetch-3.0.0.tgz",
      "integrity": "sha512-9GSJUgz1D4MfyKU7KRqwOjXCXTqWdFNvEr7eUBYchQiVc744mqK/MzXPNR2WsPkmkOa4ywfg8C2n8h+13Bey1Q=="
    },
    "xmlhttprequest": {
      "version": "1.8.0",
      "resolved": "https://registry.npmjs.org/xmlhttprequest/-/xmlhttprequest-1.8.0.tgz",
      "integrity": "sha1-Z/4HXFwk/vOfnWX197f+dRcZaPw="
    }
  }
}
